# This file is autogenerated, do not edit; changes may be undone by the next 'dep ensure'.


[[projects]]
  branch = "master"
  name = "github.com/ybubnov/go-uuid"
  packages = ["."]
  revision = "d146b3009b9d0fa6b99c74e2dd68fd0baaa220c8"

[solve-meta]
  analyzer-name = "dep"
  analyzer-version = 1
  inputs-digest = "8bf24336b06f1acf946c0dee9cf4edf2309d03d531c00ba73371402b8310712d"
  solver-name = "gps-cdcl"
  solver-version = 1
